
Microsoft Visual Studio Solution File, Format Version 12.00
# Visual Studio Version 17
VisualStudioVersion = 17.5.33627.172
MinimumVisualStudioVersion = 10.0.40219.1
Project("{9A19103F-16F7-4668-BE54-9A1E7A4F7556}") = "DemoTimer", "src\DemoTimer\DemoTimer.csproj", "{B2914ED0-129C-4AC0-A035-977C5F75AE07}"
EndProject
Project("{9A19103F-16F7-4668-BE54-9A1E7A4F7556}") = "DemoTimer.Api", "src\DemoTimer.Api\DemoTimer.Api.csproj", "{54E46DC8-2CB4-4139-841D-13765C30E1A2}"
EndProject
Global
	GlobalSection(SolutionConfigurationPlatforms) = preSolution
		Debug|Any CPU = Debug|Any CPU
		Release|Any CPU = Release|Any CPU
	EndGlobalSection
	GlobalSection(ProjectConfigurationPlatforms) = postSolution
		{B2914ED0-129C-4AC0-A035-977C5F75AE07}.Debug|Any CPU.ActiveCfg = Debug|Any CPU
		{B2914ED0-129C-4AC0-A035-977C5F75AE07}.Debug|Any CPU.Build.0 = Debug|Any CPU
		{B2914ED0-129C-4AC0-A035-977C5F75AE07}.Release|Any CPU.ActiveCfg = Release|Any CPU
		{B2914ED0-129C-4AC0-A035-977C5F75AE07}.Release|Any CPU.Build.0 = Release|Any CPU
		{54E46DC8-2CB4-4139-841D-13765C30E1A2}.Debug|Any CPU.ActiveCfg = Debug|Any CPU
		{54E46DC8-2CB4-4139-841D-13765C30E1A2}.Debug|Any CPU.Build.0 = Debug|Any CPU
		{54E46DC8-2CB4-4139-841D-13765C30E1A2}.Release|Any CPU.ActiveCfg = Release|Any CPU
		{54E46DC8-2CB4-4139-841D-13765C30E1A2}.Release|Any CPU.Build.0 = Release|Any CPU
	EndGlobalSection
	GlobalSection(SolutionProperties) = preSolution
		HideSolutionNode = FALSE
	EndGlobalSection
	GlobalSection(ExtensibilityGlobals) = postSolution
		SolutionGuid = {70B6CC79-E81C-48C3-9CC1-6D04D4B61162}
	EndGlobalSection
EndGlobal
